
Microsoft Visual Studio Solution File, Format Version 12.00
# Visual Studio 15
VisualStudioVersion = 15.0.28307.329
MinimumVisualStudioVersion = 10.0.40219.1
Project("{FAE04EC0-301F-11D3-BF4B-00C04F79EFBC}") = "Test", "Test\Test.csproj", "{22925536-D65E-4FC1-8F33-8E476416400A}"
EndProject
Project("{FAE04EC0-301F-11D3-BF4B-00C04F79EFBC}") = "NUnitTest", "NUnitTest\NUnitTest.csproj", "{2D6ACAD8-C8A6-4DA1-8AFE-A20BAD49FE5E}"
EndProject
Global
	GlobalSection(SolutionConfigurationPlatforms) = preSolution
		Debug|Any CPU = Debug|Any CPU
		Release|Any CPU = Release|Any CPU
	EndGlobalSection
	GlobalSection(ProjectConfigurationPlatforms) = postSolution
		{22925536-D65E-4FC1-8F33-8E476416400A}.Debug|Any CPU.ActiveCfg = Debug|Any CPU
		{22925536-D65E-4FC1-8F33-8E476416400A}.Debug|Any CPU.Build.0 = Debug|Any CPU
		{22925536-D65E-4FC1-8F33-8E476416400A}.Release|Any CPU.ActiveCfg = Release|Any CPU
		{22925536-D65E-4FC1-8F33-8E476416400A}.Release|Any CPU.Build.0 = Release|Any CPU
		{2D6ACAD8-C8A6-4DA1-8AFE-A20BAD49FE5E}.Debug|Any CPU.ActiveCfg = Debug|Any CPU
		{2D6ACAD8-C8A6-4DA1-8AFE-A20BAD49FE5E}.Debug|Any CPU.Build.0 = Debug|Any CPU
		{2D6ACAD8-C8A6-4DA1-8AFE-A20BAD49FE5E}.Release|Any CPU.ActiveCfg = Release|Any CPU
		{2D6ACAD8-C8A6-4DA1-8AFE-A20BAD49FE5E}.Release|Any CPU.Build.0 = Release|Any CPU
	EndGlobalSection
	GlobalSection(SolutionProperties) = preSolution
		HideSolutionNode = FALSE
	EndGlobalSection
	GlobalSection(ExtensibilityGlobals) = postSolution
		SolutionGuid = {329DF432-2825-44B8-9CF5-E7894A0EF13F}
	EndGlobalSection
EndGlobal
